
Microsoft Visual Studio Solution File, Format Version 12.00
# Visual Studio 15
VisualStudioVersion = 15.0.28307.438
MinimumVisualStudioVersion = 10.0.40219.1
Project("{FAE04EC0-301F-11D3-BF4B-00C04F79EFBC}") = "SayHello", "SayHello\SayHello.csproj", "{0962FA87-719A-4ADE-A2AB-0CE20ABCCA58}"
EndProject
Global
	GlobalSection(SolutionConfigurationPlatforms) = preSolution
		Debug|Any CPU = Debug|Any CPU
		Release|Any CPU = Release|Any CPU
	EndGlobalSection
	GlobalSection(ProjectConfigurationPlatforms) = postSolution
		{0962FA87-719A-4ADE-A2AB-0CE20ABCCA58}.Debug|Any CPU.ActiveCfg = Debug|Any CPU
		{0962FA87-719A-4ADE-A2AB-0CE20ABCCA58}.Debug|Any CPU.Build.0 = Debug|Any CPU
		{0962FA87-719A-4ADE-A2AB-0CE20ABCCA58}.Release|Any CPU.ActiveCfg = Release|Any CPU
		{0962FA87-719A-4ADE-A2AB-0CE20ABCCA58}.Release|Any CPU.Build.0 = Release|Any CPU
	EndGlobalSection
	GlobalSection(SolutionProperties) = preSolution
		HideSolutionNode = FALSE
	EndGlobalSection
	GlobalSection(ExtensibilityGlobals) = postSolution
		SolutionGuid = {2280E192-40CB-4E2C-8A43-55BF861485A5}
	EndGlobalSection
EndGlobal
